
Microsoft Visual Studio Solution File, Format Version 12.00
# Visual Studio Version 17
VisualStudioVersion = 17.3.32901.215
MinimumVisualStudioVersion = 10.0.40219.1
Project("{FAE04EC0-301F-11D3-BF4B-00C04F79EFBC}") = "imp_pj", "imp_pj\imp_pj.csproj", "{900E7CAF-4E75-4CD6-B8EB-E82835E35348}"
EndProject
Global
	GlobalSection(SolutionConfigurationPlatforms) = preSolution
		Debug|Any CPU = Debug|Any CPU
		Release|Any CPU = Release|Any CPU
	EndGlobalSection
	GlobalSection(ProjectConfigurationPlatforms) = postSolution
		{900E7CAF-4E75-4CD6-B8EB-E82835E35348}.Debug|Any CPU.ActiveCfg = Debug|Any CPU
		{900E7CAF-4E75-4CD6-B8EB-E82835E35348}.Debug|Any CPU.Build.0 = Debug|Any CPU
		{900E7CAF-4E75-4CD6-B8EB-E82835E35348}.Release|Any CPU.ActiveCfg = Release|Any CPU
		{900E7CAF-4E75-4CD6-B8EB-E82835E35348}.Release|Any CPU.Build.0 = Release|Any CPU
	EndGlobalSection
	GlobalSection(SolutionProperties) = preSolution
		HideSolutionNode = FALSE
	EndGlobalSection
	GlobalSection(ExtensibilityGlobals) = postSolution
		SolutionGuid = {F7760D8D-FB36-4C67-B758-C4B47951E84F}
	EndGlobalSection
EndGlobal
